
Microsoft Visual Studio Solution File, Format Version 12.00
# Visual Studio Version 16
VisualStudioVersion = 16.0.31624.102
MinimumVisualStudioVersion = 10.0.40219.1
Project("{FAE04EC0-301F-11D3-BF4B-00C04F79EFBC}") = "ProductsApp", "CIS3374_Lab8\ProductsApp.csproj", "{91319165-C9D9-4FA3-93FF-8C7BFA4D3281}"
EndProject
Project("{FAE04EC0-301F-11D3-BF4B-00C04F79EFBC}") = "StoreApp.Tests", "StoreApp.Tests\StoreApp.Tests.csproj", "{D97B9DCC-816E-43B4-80FE-911A35507D06}"
EndProject
Global
	GlobalSection(SolutionConfigurationPlatforms) = preSolution
		Debug|Any CPU = Debug|Any CPU
		Release|Any CPU = Release|Any CPU
	EndGlobalSection
	GlobalSection(ProjectConfigurationPlatforms) = postSolution
		{91319165-C9D9-4FA3-93FF-8C7BFA4D3281}.Debug|Any CPU.ActiveCfg = Debug|Any CPU
		{91319165-C9D9-4FA3-93FF-8C7BFA4D3281}.Debug|Any CPU.Build.0 = Debug|Any CPU
		{91319165-C9D9-4FA3-93FF-8C7BFA4D3281}.Release|Any CPU.ActiveCfg = Release|Any CPU
		{91319165-C9D9-4FA3-93FF-8C7BFA4D3281}.Release|Any CPU.Build.0 = Release|Any CPU
		{D97B9DCC-816E-43B4-80FE-911A35507D06}.Debug|Any CPU.ActiveCfg = Debug|Any CPU
		{D97B9DCC-816E-43B4-80FE-911A35507D06}.Debug|Any CPU.Build.0 = Debug|Any CPU
		{D97B9DCC-816E-43B4-80FE-911A35507D06}.Release|Any CPU.ActiveCfg = Release|Any CPU
		{D97B9DCC-816E-43B4-80FE-911A35507D06}.Release|Any CPU.Build.0 = Release|Any CPU
	EndGlobalSection
	GlobalSection(SolutionProperties) = preSolution
		HideSolutionNode = FALSE
	EndGlobalSection
	GlobalSection(ExtensibilityGlobals) = postSolution
		SolutionGuid = {EF2A3248-01E6-4561-AF42-B9C6A3DCEE3C}
	EndGlobalSection
EndGlobal
